// !$*UTF8*$!
{
	archiveVersion = 1;
	classes = {
	};
	objectVersion = 46;
	objects = {

/* Begin PBXBuildFile section */
		3DDA44711C84A1DC00A51650 /* CoreLocation.framework in Frameworks */ = {isa = PBXBuildFile; fileRef = 3DDA44701C84A1DC00A51650 /* CoreLocation.framework */; };
		3DDA44731C84A1E400A51650 /* CoreGraphics.framework in Frameworks */ = {isa = PBXBuildFile; fileRef = 3DDA44721C84A1E400A51650 /* CoreGraphics.framework */; };
		3DDA44751C84A1F200A51650 /* UIKit.framework in Frameworks */ = {isa = PBXBuildFile; fileRef = 3DDA44741C84A1F200A51650 /* UIKit.framework */; };
		3DDA44771C84A1FA00A51650 /* Foundation.framework in Frameworks */ = {isa = PBXBuildFile; fileRef = 3DDA44761C84A1FA00A51650 /* Foundation.framework */; };
		6CF218381C7D571E00AB1F2C /* BGLogation.m in Sources */ = {isa = PBXBuildFile; fileRef = 6CF218371C7D571E00AB1F2C /* BGLogation.m */; };
		6CF6432C1C7BF4470053FE42 /* main.m in Sources */ = {isa = PBXBuildFile; fileRef = 6CF6432B1C7BF4470053FE42 /* main.m */; };
		6CF6432F1C7BF4470053FE42 /* AppDelegate.m in Sources */ = {isa = PBXBuildFile; fileRef = 6CF6432E1C7BF4470053FE42 /* AppDelegate.m */; };
		6CF643321C7BF4470053FE42 /* ViewController.m in Sources */ = {isa = PBXBuildFile; fileRef = 6CF643311C7BF4470053FE42 /* ViewController.m */; };
		6CF643351C7BF4480053FE42 /* Main.storyboard in Resources */ = {isa = PBXBuildFile; fileRef = 6CF643331C7BF4480053FE42 /* Main.storyboard */; };
		6CF643371C7BF4480053FE42 /* Assets.xcassets in Resources */ = {isa = PBXBuildFile; fileRef = 6CF643361C7BF4480053FE42 /* Assets.xcassets */; };
		6CF6433A1C7BF4480053FE42 /* LaunchScreen.storyboard in Resources */ = {isa = PBXBuildFile; fileRef = 6CF643381C7BF4480053FE42 /* LaunchScreen.storyboard */; };
		6CF643451C7BF4480053FE42 /* locationdemoTests.m in Sources */ = {isa = PBXBuildFile; fileRef = 6CF643441C7BF4480053FE42 /* locationdemoTests.m */; };
		6CFC839B1C7D8EC80095B930 /* BGTask.m in Sources */ = {isa = PBXBuildFile; fileRef = 6CFC839A1C7D8EC80095B930 /* BGTask.m */; };
/* End PBXBuildFile section */

/* Begin PBXContainerItemProxy section */
		6CF643411C7BF4480053FE42 /* PBXContainerItemProxy */ = {
			isa = PBXContainerItemProxy;
			containerPortal = 6CF6431F1C7BF4470053FE42 /* Project object */;
			proxyType = 1;
			remoteGlobalIDString = 6CF643261C7BF4470053FE42;
			remoteInfo = locationdemo;
		};
/* End PBXContainerItemProxy section */

/* Begin PBXFileReference section */
		3DDA44701C84A1DC00A51650 /* CoreLocation.framework */ = {isa = PBXFileReference; lastKnownFileType = wrapper.framework; name = CoreLocation.framework; path = System/Library/Frameworks/CoreLocation.framework; sourceTree = SDKROOT; };
		3DDA44721C84A1E400A51650 /* CoreGraphics.framework */ = {isa = PBXFileReference; lastKnownFileType = wrapper.framework; name = CoreGraphics.framework; path = System/Library/Frameworks/CoreGraphics.framework; sourceTree = SDKROOT; };
		3DDA44741C84A1F200A51650 /* UIKit.framework */ = {isa = PBXFileReference; lastKnownFileType = wrapper.framework; name = UIKit.framework; path = System/Library/Frameworks/UIKit.framework; sourceTree = SDKROOT; };
		3DDA44761C84A1FA00A51650 /* Foundation.framework */ = {isa = PBXFileReference; lastKnownFileType = wrapper.framework; name = Foundation.framework; path = System/Library/Frameworks/Foundation.framework; sourceTree = SDKROOT; };
		6CF218361C7D571E00AB1F2C /* BGLogation.h */ = {isa = PBXFileReference; fileEncoding = 4; lastKnownFileType = sourcecode.c.h; path = BGLogation.h; sourceTree = "<group>"; };
		6CF218371C7D571E00AB1F2C /* BGLogation.m */ = {isa = PBXFileReference; fileEncoding = 4; lastKnownFileType = sourcecode.c.objc; path = BGLogation.m; sourceTree = "<group>"; };
		6CF643271C7BF4470053FE42 /* locationdemo.app */ = {isa = PBXFileReference; explicitFileType = wrapper.application; includeInIndex = 0; path = locationdemo.app; sourceTree = BUILT_PRODUCTS_DIR; };
		6CF6432B1C7BF4470053FE42 /* main.m */ = {isa = PBXFileReference; lastKnownFileType = sourcecode.c.objc; path = main.m; sourceTree = "<group>"; };
		6CF6432D1C7BF4470053FE42 /* AppDelegate.h */ = {isa = PBXFileReference; lastKnownFileType = sourcecode.c.h; path = AppDelegate.h; sourceTree = "<group>"; };
		6CF6432E1C7BF4470053FE42 /* AppDelegate.m */ = {isa = PBXFileReference; lastKnownFileType = sourcecode.c.objc; path = AppDelegate.m; sourceTree = "<group>"; };
		6CF643301C7BF4470053FE42 /* ViewController.h */ = {isa = PBXFileReference; lastKnownFileType = sourcecode.c.h; path = ViewController.h; sourceTree = "<group>"; };
		6CF643311C7BF4470053FE42 /* ViewController.m */ = {isa = PBXFileReference; lastKnownFileType = sourcecode.c.objc; path = ViewController.m; sourceTree = "<group>"; };
		6CF643341C7BF4480053FE42 /* Base */ = {isa = PBXFileReference; lastKnownFileType = file.storyboard; name = Base; path = Base.lproj/Main.storyboard; sourceTree = "<group>"; };
		6CF643361C7BF4480053FE42 /* Assets.xcassets */ = {isa = PBXFileReference; lastKnownFileType = folder.assetcatalog; path = Assets.xcassets; sourceTree = "<group>"; };
		6CF643391C7BF4480053FE42 /* Base */ = {isa = PBXFileReference; lastKnownFileType = file.storyboard; name = Base; path = Base.lproj/LaunchScreen.storyboard; sourceTree = "<group>"; };
		6CF6433B1C7BF4480053FE42 /* Info.plist */ = {isa = PBXFileReference; lastKnownFileType = text.plist.xml; path = Info.plist; sourceTree = "<group>"; };
		6CF643401C7BF4480053FE42 /* locationdemoTests.xctest */ = {isa = PBXFileReference; explicitFileType = wrapper.cfbundle; includeInIndex = 0; path = locationdemoTests.xctest; sourceTree = BUILT_PRODUCTS_DIR; };
		6CF643441C7BF4480053FE42 /* locationdemoTests.m */ = {isa = PBXFileReference; lastKnownFileType = sourcecode.c.objc; path = locationdemoTests.m; sourceTree = "<group>"; };
		6CF643461C7BF4480053FE42 /* Info.plist */ = {isa = PBXFileReference; lastKnownFileType = text.plist.xml; path = Info.plist; sourceTree = "<group>"; };
		6CFC83991C7D8EC80095B930 /* BGTask.h */ = {isa = PBXFileReference; fileEncoding = 4; lastKnownFileType = sourcecode.c.h; path = BGTask.h; sourceTree = "<group>"; };
		6CFC839A1C7D8EC80095B930 /* BGTask.m */ = {isa = PBXFileReference; fileEncoding = 4; lastKnownFileType = sourcecode.c.objc; path = BGTask.m; sourceTree = "<group>"; };
/* End PBXFileReference section */

/* Begin PBXFrameworksBuildPhase section */
		6CF643241C7BF4470053FE42 /* Frameworks */ = {
			isa = PBXFrameworksBuildPhase;
			buildActionMask = 2147483647;
			files = (
				3DDA44771C84A1FA00A51650 /* Foundation.framework in Frameworks */,
				3DDA44751C84A1F200A51650 /* UIKit.framework in Frameworks */,
				3DDA44731C84A1E400A51650 /* CoreGraphics.framework in Frameworks */,
				3DDA44711C84A1DC00A51650 /* CoreLocation.framework in Frameworks */,
			);
			runOnlyForDeploymentPostprocessing = 0;
		};
		6CF6433D1C7BF4480053FE42 /* Frameworks */ = {
			isa = PBXFrameworksBuildPhase;
			buildActionMask = 2147483647;
			files = (
			);
			runOnlyForDeploymentPostprocessing = 0;
		};
/* End PBXFrameworksBuildPhase section */

/* Begin PBXGroup section */
		6CF218351C7D56A300AB1F2C /* BGLogation */ = {
			isa = PBXGroup;
			children = (
				6CF218361C7D571E00AB1F2C /* BGLogation.h */,
				6CF218371C7D571E00AB1F2C /* BGLogation.m */,
				6CFC83991C7D8EC80095B930 /* BGTask.h */,
				6CFC839A1C7D8EC80095B930 /* BGTask.m */,
			);
			path = BGLogation;
			sourceTree = "<group>";
		};
		6CF6431E1C7BF4470053FE42 = {
			isa = PBXGroup;
			children = (
				3DDA44761C84A1FA00A51650 /* Foundation.framework */,
				3DDA44741C84A1F200A51650 /* UIKit.framework */,
				3DDA44721C84A1E400A51650 /* CoreGraphics.framework */,
				3DDA44701C84A1DC00A51650 /* CoreLocation.framework */,
				6CF643291C7BF4470053FE42 /* locationdemo */,
				6CF643431C7BF4480053FE42 /* locationdemoTests */,
				6CF643281C7BF4470053FE42 /* Products */,
			);
			sourceTree = "<group>";
		};
		6CF643281C7BF4470053FE42 /* Products */ = {
			isa = PBXGroup;
			children = (
				6CF643271C7BF4470053FE42 /* locationdemo.app */,
				6CF643401C7BF4480053FE42 /* locationdemoTests.xctest */,
			);
			name = Products;
			sourceTree = "<group>";
		};
		6CF643291C7BF4470053FE42 /* locationdemo */ = {
			isa = PBXGroup;
			children = (
				6CF218351C7D56A300AB1F2C /* BGLogation */,
				6CF6432D1C7BF4470053FE42 /* AppDelegate.h */,
				6CF6432E1C7BF4470053FE42 /* AppDelegate.m */,
				6CF643301C7BF4470053FE42 /* ViewController.h */,
				6CF643311C7BF4470053FE42 /* ViewController.m */,
				6CF643331C7BF4480053FE42 /* Main.storyboard */,
				6CF643361C7BF4480053FE42 /* Assets.xcassets */,
				6CF643381C7BF4480053FE42 /* LaunchScreen.storyboard */,
				6CF6433B1C7BF4480053FE42 /* Info.plist */,
				6CF6432A1C7BF4470053FE42 /* Supporting Files */,
			);
			path = locationdemo;
			sourceTree = "<group>";
		};
		6CF6432A1C7BF4470053FE42 /* Supporting Files */ = {
			isa = PBXGroup;
			children = (
				6CF6432B1C7BF4470053FE42 /* main.m */,
			);
			name = "Supporting Files";
			sourceTree = "<group>";
		};
		6CF643431C7BF4480053FE42 /* locationdemoTests */ = {
			isa = PBXGroup;
			children = (
				6CF643441C7BF4480053FE42 /* locationdemoTests.m */,
				6CF643461C7BF4480053FE42 /* Info.plist */,
			);
			path = locationdemoTests;
			sourceTree = "<group>";
		};
/* End PBXGroup section */

/* Begin PBXNativeTarget section */
		6CF643261C7BF4470053FE42 /* locationdemo */ = {
			isa = PBXNativeTarget;
			buildConfigurationList = 6CF643491C7BF4480053FE42 /* Build configuration list for PBXNativeTarget "locationdemo" */;
			buildPhases = (
				6CF643231C7BF4470053FE42 /* Sources */,
				6CF643241C7BF4470053FE42 /* Frameworks */,
				6CF643251C7BF4470053FE42 /* Resources */,
			);
			buildRules = (
			);
			dependencies = (
			);
			name = locationdemo;
			productName = locationdemo;
			productReference = 6CF643271C7BF4470053FE42 /* locationdemo.app */;
			productType = "com.apple.product-type.application";
		};
		6CF6433F1C7BF4480053FE42 /* locationdemoTests */ = {
			isa = PBXNativeTarget;
			buildConfigurationList = 6CF6434C1C7BF4480053FE42 /* Build configuration list for PBXNativeTarget "locationdemoTests" */;
			buildPhases = (
				6CF6433C1C7BF4480053FE42 /* Sources */,
				6CF6433D1C7BF4480053FE42 /* Frameworks */,
				6CF6433E1C7BF4480053FE42 /* Resources */,
			);
			buildRules = (
			);
			dependencies = (
				6CF643421C7BF4480053FE42 /* PBXTargetDependency */,
			);
			name = locationdemoTests;
			productName = locationdemoTests;
			productReference = 6CF643401C7BF4480053FE42 /* locationdemoTests.xctest */;
			productType = "com.apple.product-type.bundle.unit-test";
		};
/* End PBXNativeTarget section */

/* Begin PBXProject section */
		6CF6431F1C7BF4470053FE42 /* Project object */ = {
			isa = PBXProject;
			attributes = {
				LastUpgradeCheck = 0720;
				ORGANIZATIONNAME = mjia;
				TargetAttributes = {
					6CF643261C7BF4470053FE42 = {
						CreatedOnToolsVersion = 7.2;
						SystemCapabilities = {
							com.apple.BackgroundModes = {
								enabled = 1;
							};
						};
					};
					6CF6433F1C7BF4480053FE42 = {
						CreatedOnToolsVersion = 7.2;
						TestTargetID = 6CF643261C7BF4470053FE42;
					};
				};
			};
			buildConfigurationList = 6CF643221C7BF4470053FE42 /* Build configuration list for PBXProject "locationdemo" */;
			compatibilityVersion = "Xcode 3.2";
			developmentRegion = English;
			hasScannedForEncodings = 0;
			knownRegions = (
				en,
				Base,
			);
			mainGroup = 6CF6431E1C7BF4470053FE42;
			productRefGroup = 6CF643281C7BF4470053FE42 /* Products */;
			projectDirPath = "";
			projectRoot = "";
			targets = (
				6CF643261C7BF4470053FE42 /* locationdemo */,
				6CF6433F1C7BF4480053FE42 /* locationdemoTests */,
			);
		};
/* End PBXProject section */

/* Begin PBXResourcesBuildPhase section */
		6CF643251C7BF4470053FE42 /* Resources */ = {
			isa = PBXResourcesBuildPhase;
			buildActionMask = 2147483647;
			files = (
				6CF6433A1C7BF4480053FE42 /* LaunchScreen.storyboard in Resources */,
				6CF643371C7BF4480053FE42 /* Assets.xcassets in Resources */,
				6CF643351C7BF4480053FE42 /* Main.storyboard in Resources */,
			);
			runOnlyForDeploymentPostprocessing = 0;
		};
		6CF6433E1C7BF4480053FE42 /* Resources */ = {
			isa = PBXResourcesBuildPhase;
			buildActionMask = 2147483647;
			files = (
			);
			runOnlyForDeploymentPostprocessing = 0;
		};
/* End PBXResourcesBuildPhase section */

/* Begin PBXSourcesBuildPhase section */
		6CF643231C7BF4470053FE42 /* Sources */ = {
			isa = PBXSourcesBuildPhase;
			buildActionMask = 2147483647;
			files = (
				6CF643321C7BF4470053FE42 /* ViewController.m in Sources */,
				6CF218381C7D571E00AB1F2C /* BGLogation.m in Sources */,
				6CFC839B1C7D8EC80095B930 /* BGTask.m in Sources */,
				6CF6432F1C7BF4470053FE42 /* AppDelegate.m in Sources */,
				6CF6432C1C7BF4470053FE42 /* main.m in Sources */,
			);
			runOnlyForDeploymentPostprocessing = 0;
		};
		6CF6433C1C7BF4480053FE42 /* Sources */ = {
			isa = PBXSourcesBuildPhase;
			buildActionMask = 2147483647;
			files = (
				6CF643451C7BF4480053FE42 /* locationdemoTests.m in Sources */,
			);
			runOnlyForDeploymentPostprocessing = 0;
		};
/* End PBXSourcesBuildPhase section */

/* Begin PBXTargetDependency section */
		6CF643421C7BF4480053FE42 /* PBXTargetDependency */ = {
			isa = PBXTargetDependency;
			target = 6CF643261C7BF4470053FE42 /* locationdemo */;
			targetProxy = 6CF643411C7BF4480053FE42 /* PBXContainerItemProxy */;
		};
/* End PBXTargetDependency section */

/* Begin PBXVariantGroup section */
		6CF643331C7BF4480053FE42 /* Main.storyboard */ = {
			isa = PBXVariantGroup;
			children = (
				6CF643341C7BF4480053FE42 /* Base */,
			);
			name = Main.storyboard;
			sourceTree = "<group>";
		};
		6CF643381C7BF4480053FE42 /* LaunchScreen.storyboard */ = {
			isa = PBXVariantGroup;
			children = (
				6CF643391C7BF4480053FE42 /* Base */,
			);
			name = LaunchScreen.storyboard;
			sourceTree = "<group>";
		};
/* End PBXVariantGroup section */

/* Begin XCBuildConfiguration section */
		6CF643471C7BF4480053FE42 /* Debug */ = {
			isa = XCBuildConfiguration;
			buildSettings = {
				ALWAYS_SEARCH_USER_PATHS = NO;
				CLANG_CXX_LANGUAGE_STANDARD = "gnu++0x";
				CLANG_CXX_LIBRARY = "libc++";
				CLANG_ENABLE_MODULES = YES;
				CLANG_ENABLE_OBJC_ARC = YES;
				CLANG_WARN_BOOL_CONVERSION = YES;
				CLANG_WARN_CONSTANT_CONVERSION = YES;
				CLANG_WARN_DIRECT_OBJC_ISA_USAGE = YES_ERROR;
				CLANG_WARN_EMPTY_BODY = YES;
				CLANG_WARN_ENUM_CONVERSION = YES;
				CLANG_WARN_INT_CONVERSION = YES;
				CLANG_WARN_OBJC_ROOT_CLASS = YES_ERROR;
				CLANG_WARN_UNREACHABLE_CODE = YES;
				CLANG_WARN__DUPLICATE_METHOD_MATCH = YES;
				"CODE_SIGN_IDENTITY[sdk=iphoneos*]" = "iPhone Developer";
				COPY_PHASE_STRIP = NO;
				DEBUG_INFORMATION_FORMAT = dwarf;
				ENABLE_STRICT_OBJC_MSGSEND = YES;
				ENABLE_TESTABILITY = YES;
				GCC_C_LANGUAGE_STANDARD = gnu99;
				GCC_DYNAMIC_NO_PIC = NO;
				GCC_NO_COMMON_BLOCKS = YES;
				GCC_OPTIMIZATION_LEVEL = 0;
				GCC_PREPROCESSOR_DEFINITIONS = (
					"DEBUG=1",
					"$(inherited)",
				);
				GCC_WARN_64_TO_32_BIT_CONVERSION = YES;
				GCC_WARN_ABOUT_RETURN_TYPE = YES_ERROR;
				GCC_WARN_UNDECLARED_SELECTOR = YES;
				GCC_WARN_UNINITIALIZED_AUTOS = YES_AGGRESSIVE;
				GCC_WARN_UNUSED_FUNCTION = YES;
				GCC_WARN_UNUSED_VARIABLE = YES;
				IPHONEOS_DEPLOYMENT_TARGET = 9.2;
				MTL_ENABLE_DEBUG_INFO = YES;
				ONLY_ACTIVE_ARCH = YES;
				SDKROOT = iphoneos;
			};
			name = Debug;
		};
		6CF643481C7BF4480053FE42 /* Release */ = {
			isa = XCBuildConfiguration;
			buildSettings = {
				ALWAYS_SEARCH_USER_PATHS = NO;
				CLANG_CXX_LANGUAGE_STANDARD = "gnu++0x";
				CLANG_CXX_LIBRARY = "libc++";
				CLANG_ENABLE_MODULES = YES;
				CLANG_ENABLE_OBJC_ARC = YES;
				CLANG_WARN_BOOL_CONVERSION = YES;
				CLANG_WARN_CONSTANT_CONVERSION = YES;
				CLANG_WARN_DIRECT_OBJC_ISA_USAGE = YES_ERROR;
				CLANG_WARN_EMPTY_BODY = YES;
				CLANG_WARN_ENUM_CONVERSION = YES;
				CLANG_WARN_INT_CONVERSION = YES;
				CLANG_WARN_OBJC_ROOT_CLASS = YES_ERROR;
				CLANG_WARN_UNREACHABLE_CODE = YES;
				CLANG_WARN__DUPLICATE_METHOD_MATCH = YES;
				"CODE_SIGN_IDENTITY[sdk=iphoneos*]" = "iPhone Developer";
				COPY_PHASE_STRIP = NO;
				DEBUG_INFORMATION_FORMAT = "dwarf-with-dsym";
				ENABLE_NS_ASSERTIONS = NO;
				ENABLE_STRICT_OBJC_MSGSEND = YES;
				GCC_C_LANGUAGE_STANDARD = gnu99;
				GCC_NO_COMMON_BLOCKS = YES;
				GCC_WARN_64_TO_32_BIT_CONVERSION = YES;
				GCC_WARN_ABOUT_RETURN_TYPE = YES_ERROR;
				GCC_WARN_UNDECLARED_SELECTOR = YES;
				GCC_WARN_UNINITIALIZED_AUTOS = YES_AGGRESSIVE;
				GCC_WARN_UNUSED_FUNCTION = YES;
				GCC_WARN_UNUSED_VARIABLE = YES;
				IPHONEOS_DEPLOYMENT_TARGET = 9.2;
				MTL_ENABLE_DEBUG_INFO = NO;
				SDKROOT = iphoneos;
				VALIDATE_PRODUCT = YES;
			};
			name = Release;
		};
		6CF6434A1C7BF4480053FE42 /* Debug */ = {
			isa = XCBuildConfiguration;
			buildSettings = {
				ASSETCATALOG_COMPILER_APPICON_NAME = AppIcon;
				INFOPLIST_FILE = locationdemo/Info.plist;
				LD_RUNPATH_SEARCH_PATHS = "$(inherited) @executable_path/Frameworks";
				PRODUCT_BUNDLE_IDENTIFIER = com.db.locationdemo;
				PRODUCT_NAME = "$(TARGET_NAME)";
			};
			name = Debug;
		};
		6CF6434B1C7BF4480053FE42 /* Release */ = {
			isa = XCBuildConfiguration;
			buildSettings = {
				ASSETCATALOG_COMPILER_APPICON_NAME = AppIcon;
				INFOPLIST_FILE = locationdemo/Info.plist;
				LD_RUNPATH_SEARCH_PATHS = "$(inherited) @executable_path/Frameworks";
				PRODUCT_BUNDLE_IDENTIFIER = com.db.locationdemo;
				PRODUCT_NAME = "$(TARGET_NAME)";
			};
			name = Release;
		};
		6CF6434D1C7BF4480053FE42 /* Debug */ = {
			isa = XCBuildConfiguration;
			buildSettings = {
				BUNDLE_LOADER = "$(TEST_HOST)";
				INFOPLIST_FILE = locationdemoTests/Info.plist;
				LD_RUNPATH_SEARCH_PATHS = "$(inherited) @executable_path/Frameworks @loader_path/Frameworks";
				PRODUCT_BUNDLE_IDENTIFIER = com.db.locationdemoTests;
				PRODUCT_NAME = "$(TARGET_NAME)";
				TEST_HOST = "$(BUILT_PRODUCTS_DIR)/locationdemo.app/locationdemo";
			};
			name = Debug;
		};
		6CF6434E1C7BF4480053FE42 /* Release */ = {
			isa = XCBuildConfiguration;
			buildSettings = {
				BUNDLE_LOADER = "$(TEST_HOST)";
				INFOPLIST_FILE = locationdemoTests/Info.plist;
				LD_RUNPATH_SEARCH_PATHS = "$(inherited) @executable_path/Frameworks @loader_path/Frameworks";
				PRODUCT_BUNDLE_IDENTIFIER = com.db.locationdemoTests;
				PRODUCT_NAME = "$(TARGET_NAME)";
				TEST_HOST = "$(BUILT_PRODUCTS_DIR)/locationdemo.app/locationdemo";
			};
			name = Release;
		};
/* End XCBuildConfiguration section */

/* Begin XCConfigurationList section */
		6CF643221C7BF4470053FE42 /* Build configuration list for PBXProject "locationdemo" */ = {
			isa = XCConfigurationList;
			buildConfigurations = (
				6CF643471C7BF4480053FE42 /* Debug */,
				6CF643481C7BF4480053FE42 /* Release */,
			);
			defaultConfigurationIsVisible = 0;
			defaultConfigurationName = Release;
		};
		6CF643491C7BF4480053FE42 /* Build configuration list for PBXNativeTarget "locationdemo" */ = {
			isa = XCConfigurationList;
			buildConfigurations = (
				6CF6434A1C7BF4480053FE42 /* Debug */,
				6CF6434B1C7BF4480053FE42 /* Release */,
			);
			defaultConfigurationIsVisible = 0;
			defaultConfigurationName = Release;
		};
		6CF6434C1C7BF4480053FE42 /* Build configuration list for PBXNativeTarget "locationdemoTests" */ = {
			isa = XCConfigurationList;
			buildConfigurations = (
				6CF6434D1C7BF4480053FE42 /* Debug */,
				6CF6434E1C7BF4480053FE42 /* Release */,
			);
			defaultConfigurationIsVisible = 0;
			defaultConfigurationName = Release;
		};
/* End XCConfigurationList section */
	};
	rootObject = 6CF6431F1C7BF4470053FE42 /* Project object */;
}
